{
  "meteor": {},
  "dependencies": {
    "basePackages": {
      "bootstrap-3": {},
      "iron-router": {},
      "spin": {},
      "accounts-ui-bootstrap-dropdown": {},
      "font-awesome": {},
      "wizard": {},
      "morris": {},
      "peity": {}
    },
    "packages": {
      "bootstrap-3": {
        "git": "https://github.com/mangasocial/meteor-bootstrap-3.git",
        "tag": "v3.1.1-1",
        "commit": "63dd38968828bb8963636df93e9a1c45e2dfe67e"
      },
      "iron-router": {
        "git": "https://github.com/EventedMind/iron-router.git",
        "tag": "v0.7.1",
        "commit": "d1ffb3f06ea4c112132b030f2eb1a70b81675ecb"
      },
      "spin": {
        "git": "https://github.com/SachaG/meteor-spin.git",
        "tag": "v0.2.2",
        "commit": "3f655f0016228e4195acc784c45d3e3a247dc39f"
      },
      "accounts-ui-bootstrap-dropdown": {
        "git": "https://github.com/erobit/meteor-accounts-ui-bootstrap-dropdown.git",
        "tag": "v0.8.3",
        "commit": "a7af8a52e4e74db020a69b158a8f992797b8b0b0"
      },
      "font-awesome": {
        "git": "https://github.com/nate-strauser/meteor-font-awesome.git",
        "tag": "v4.1.0",
        "commit": "ce6b1e92715d1938babc5d69c655c17e387f5926"
      },
      "wizard": {
        "git": "https://github.com/forwarder/meteor-wizard.git",
        "tag": "v0.2.3",
        "commit": "2871343bf9d7faca4543e9c3de46a3991665cf45"
      },
      "morris": {
        "git": "https://github.com/chhib/meteor-morris.git",
        "tag": "v0.0.1",
        "commit": "34416106d7d4c978cc21c651a3ae6629a3f2132d"
      },
      "peity": {
        "git": "https://github.com/waydin/peity.git",
        "tag": "v0.0.2",
        "commit": "6b7a89cf0d0b51d4e344e994a6bbface68ef965f"
      },
      "blaze-layout": {
        "git": "https://github.com/EventedMind/blaze-layout.git",
        "tag": "v0.2.4",
        "commit": "b40e9b0612329288d75cf52ad14a7da64bb8618f"
      },
      "autoform": {
        "git": "https://github.com/aldeed/meteor-autoform.git",
        "tag": "v0.11.0",
        "commit": "efdffcdf836a45c50c39696ede15399177ccb9fa"
      },
      "raphael": {
        "git": "https://github.com/chhib/meteor-raphael.git",
        "tag": "v0.0.1",
        "commit": "a90a37d8562bb7d2ddd559801caf61e28b85da4e"
      },
      "simple-schema": {
        "git": "https://github.com/aldeed/meteor-simple-schema.git",
        "tag": "v0.5.1",
        "commit": "a29956b34d03a4591dbd0eaed9d37009ef48b8db"
      },
      "collection2": {
        "git": "https://github.com/aldeed/meteor-collection2.git",
        "tag": "v0.4.0",
        "commit": "5648f7c53ee98f3ac8fbe82a55e6fd78fc67cfbc"
      },
      "moment": {
        "git": "https://github.com/acreeger/meteor-moment.git",
        "tag": "v2.6.0",
        "commit": "26156df681750fd6e6ed77043eef32b6653ebbdf"
      }
    }
  }
}
